// !$*UTF8*$!
{
	archiveVersion = 1;
	classes = {
	};
	objectVersion = 50;
	objects = {

/* Begin PBXBuildFile section */
		3FF956BA28A437DA002ABF70 /* AppDelegate.swift in Sources */ = {isa = PBXBuildFile; fileRef = 3FF956B928A437DA002ABF70 /* AppDelegate.swift */; };
		3FF956BC28A437DA002ABF70 /* SceneDelegate.swift in Sources */ = {isa = PBXBuildFile; fileRef = 3FF956BB28A437DA002ABF70 /* SceneDelegate.swift */; };
		3FF956BE28A437DA002ABF70 /* ViewController.swift in Sources */ = {isa = PBXBuildFile; fileRef = 3FF956BD28A437DA002ABF70 /* ViewController.swift */; };
		3FF956C128A437DA002ABF70 /* Main.storyboard in Resources */ = {isa = PBXBuildFile; fileRef = 3FF956BF28A437DA002ABF70 /* Main.storyboard */; };
		3FF956C328A437DB002ABF70 /* Assets.xcassets in Resources */ = {isa = PBXBuildFile; fileRef = 3FF956C228A437DB002ABF70 /* Assets.xcassets */; };
		3FF956C628A437DB002ABF70 /* LaunchScreen.storyboard in Resources */ = {isa = PBXBuildFile; fileRef = 3FF956C428A437DB002ABF70 /* LaunchScreen.storyboard */; };
		3FF956CF28A4390E002ABF70 /* MapKit.framework in Frameworks */ = {isa = PBXBuildFile; fileRef = 3FF956CE28A4390E002ABF70 /* MapKit.framework */; };
		3FF956D128A43921002ABF70 /* CoreLocation.framework in Frameworks */ = {isa = PBXBuildFile; fileRef = 3FF956D028A43921002ABF70 /* CoreLocation.framework */; };
/* End PBXBuildFile section */

/* Begin PBXFileReference section */
		3FF956B628A437DA002ABF70 /* AulaMapKitCEFETarde.app */ = {isa = PBXFileReference; explicitFileType = wrapper.application; includeInIndex = 0; path = AulaMapKitCEFETarde.app; sourceTree = BUILT_PRODUCTS_DIR; };
		3FF956B928A437DA002ABF70 /* AppDelegate.swift */ = {isa = PBXFileReference; lastKnownFileType = sourcecode.swift; path = AppDelegate.swift; sourceTree = "<group>"; };
		3FF956BB28A437DA002ABF70 /* SceneDelegate.swift */ = {isa = PBXFileReference; lastKnownFileType = sourcecode.swift; path = SceneDelegate.swift; sourceTree = "<group>"; };
		3FF956BD28A437DA002ABF70 /* ViewController.swift */ = {isa = PBXFileReference; lastKnownFileType = sourcecode.swift; path = ViewController.swift; sourceTree = "<group>"; };
		3FF956C028A437DA002ABF70 /* Base */ = {isa = PBXFileReference; lastKnownFileType = file.storyboard; name = Base; path = Base.lproj/Main.storyboard; sourceTree = "<group>"; };
		3FF956C228A437DB002ABF70 /* Assets.xcassets */ = {isa = PBXFileReference; lastKnownFileType = folder.assetcatalog; path = Assets.xcassets; sourceTree = "<group>"; };
		3FF956C528A437DB002ABF70 /* Base */ = {isa = PBXFileReference; lastKnownFileType = file.storyboard; name = Base; path = Base.lproj/LaunchScreen.storyboard; sourceTree = "<group>"; };
		3FF956C728A437DB002ABF70 /* Info.plist */ = {isa = PBXFileReference; lastKnownFileType = text.plist.xml; path = Info.plist; sourceTree = "<group>"; };
		3FF956CE28A4390E002ABF70 /* MapKit.framework */ = {isa = PBXFileReference; lastKnownFileType = wrapper.framework; name = MapKit.framework; path = System/Library/Frameworks/MapKit.framework; sourceTree = SDKROOT; };
		3FF956D028A43921002ABF70 /* CoreLocation.framework */ = {isa = PBXFileReference; lastKnownFileType = wrapper.framework; name = CoreLocation.framework; path = System/Library/Frameworks/CoreLocation.framework; sourceTree = SDKROOT; };
/* End PBXFileReference section */

/* Begin PBXFrameworksBuildPhase section */
		3FF956B328A437DA002ABF70 /* Frameworks */ = {
			isa = PBXFrameworksBuildPhase;
			buildActionMask = 2147483647;
			files = (
				3FF956D128A43921002ABF70 /* CoreLocation.framework in Frameworks */,
				3FF956CF28A4390E002ABF70 /* MapKit.framework in Frameworks */,
			);
			runOnlyForDeploymentPostprocessing = 0;
		};
/* End PBXFrameworksBuildPhase section */

/* Begin PBXGroup section */
		3FF956AD28A437DA002ABF70 = {
			isa = PBXGroup;
			children = (
				3FF956B828A437DA002ABF70 /* AulaMapKitCEFETarde */,
				3FF956B728A437DA002ABF70 /* Products */,
				3FF956CD28A4390E002ABF70 /* Frameworks */,
			);
			sourceTree = "<group>";
		};
		3FF956B728A437DA002ABF70 /* Products */ = {
			isa = PBXGroup;
			children = (
				3FF956B628A437DA002ABF70 /* AulaMapKitCEFETarde.app */,
			);
			name = Products;
			sourceTree = "<group>";
		};
		3FF956B828A437DA002ABF70 /* AulaMapKitCEFETarde */ = {
			isa = PBXGroup;
			children = (
				3FF956B928A437DA002ABF70 /* AppDelegate.swift */,
				3FF956BB28A437DA002ABF70 /* SceneDelegate.swift */,
				3FF956BD28A437DA002ABF70 /* ViewController.swift */,
				3FF956BF28A437DA002ABF70 /* Main.storyboard */,
				3FF956C228A437DB002ABF70 /* Assets.xcassets */,
				3FF956C428A437DB002ABF70 /* LaunchScreen.storyboard */,
				3FF956C728A437DB002ABF70 /* Info.plist */,
			);
			path = AulaMapKitCEFETarde;
			sourceTree = "<group>";
		};
		3FF956CD28A4390E002ABF70 /* Frameworks */ = {
			isa = PBXGroup;
			children = (
				3FF956D028A43921002ABF70 /* CoreLocation.framework */,
				3FF956CE28A4390E002ABF70 /* MapKit.framework */,
			);
			name = Frameworks;
			sourceTree = "<group>";
		};
/* End PBXGroup section */

/* Begin PBXNativeTarget section */
		3FF956B528A437DA002ABF70 /* AulaMapKitCEFETarde */ = {
			isa = PBXNativeTarget;
			buildConfigurationList = 3FF956CA28A437DB002ABF70 /* Build configuration list for PBXNativeTarget "AulaMapKitCEFETarde" */;
			buildPhases = (
				3FF956B228A437DA002ABF70 /* Sources */,
				3FF956B328A437DA002ABF70 /* Frameworks */,
				3FF956B428A437DA002ABF70 /* Resources */,
			);
			buildRules = (
			);
			dependencies = (
			);
			name = AulaMapKitCEFETarde;
			productName = AulaMapKitCEFETarde;
			productReference = 3FF956B628A437DA002ABF70 /* AulaMapKitCEFETarde.app */;
			productType = "com.apple.product-type.application";
		};
/* End PBXNativeTarget section */

/* Begin PBXProject section */
		3FF956AE28A437DA002ABF70 /* Project object */ = {
			isa = PBXProject;
			attributes = {
				LastSwiftUpdateCheck = 1130;
				LastUpgradeCheck = 1130;
				ORGANIZATIONNAME = Student;
				TargetAttributes = {
					3FF956B528A437DA002ABF70 = {
						CreatedOnToolsVersion = 11.3;
					};
				};
			};
			buildConfigurationList = 3FF956B128A437DA002ABF70 /* Build configuration list for PBXProject "AulaMapKitCEFETarde" */;
			compatibilityVersion = "Xcode 9.3";
			developmentRegion = en;
			hasScannedForEncodings = 0;
			knownRegions = (
				en,
				Base,
			);
			mainGroup = 3FF956AD28A437DA002ABF70;
			productRefGroup = 3FF956B728A437DA002ABF70 /* Products */;
			projectDirPath = "";
			projectRoot = "";
			targets = (
				3FF956B528A437DA002ABF70 /* AulaMapKitCEFETarde */,
			);
		};
/* End PBXProject section */

/* Begin PBXResourcesBuildPhase section */
		3FF956B428A437DA002ABF70 /* Resources */ = {
			isa = PBXResourcesBuildPhase;
			buildActionMask = 2147483647;
			files = (
				3FF956C628A437DB002ABF70 /* LaunchScreen.storyboard in Resources */,
				3FF956C328A437DB002ABF70 /* Assets.xcassets in Resources */,
				3FF956C128A437DA002ABF70 /* Main.storyboard in Resources */,
			);
			runOnlyForDeploymentPostprocessing = 0;
		};
/* End PBXResourcesBuildPhase section */

/* Begin PBXSourcesBuildPhase section */
		3FF956B228A437DA002ABF70 /* Sources */ = {
			isa = PBXSourcesBuildPhase;
			buildActionMask = 2147483647;
			files = (
				3FF956BE28A437DA002ABF70 /* ViewController.swift in Sources */,
				3FF956BA28A437DA002ABF70 /* AppDelegate.swift in Sources */,
				3FF956BC28A437DA002ABF70 /* SceneDelegate.swift in Sources */,
			);
			runOnlyForDeploymentPostprocessing = 0;
		};
/* End PBXSourcesBuildPhase section */

/* Begin PBXVariantGroup section */
		3FF956BF28A437DA002ABF70 /* Main.storyboard */ = {
			isa = PBXVariantGroup;
			children = (
				3FF956C028A437DA002ABF70 /* Base */,
			);
			name = Main.storyboard;
			sourceTree = "<group>";
		};
		3FF956C428A437DB002ABF70 /* LaunchScreen.storyboard */ = {
			isa = PBXVariantGroup;
			children = (
				3FF956C528A437DB002ABF70 /* Base */,
			);
			name = LaunchScreen.storyboard;
			sourceTree = "<group>";
		};
/* End PBXVariantGroup section */

/* Begin XCBuildConfiguration section */
		3FF956C828A437DB002ABF70 /* Debug */ = {
			isa = XCBuildConfiguration;
			buildSettings = {
				ALWAYS_SEARCH_USER_PATHS = NO;
				CLANG_ANALYZER_NONNULL = YES;
				CLANG_ANALYZER_NUMBER_OBJECT_CONVERSION = YES_AGGRESSIVE;
				CLANG_CXX_LANGUAGE_STANDARD = "gnu++14";
				CLANG_CXX_LIBRARY = "libc++";
				CLANG_ENABLE_MODULES = YES;
				CLANG_ENABLE_OBJC_ARC = YES;
				CLANG_ENABLE_OBJC_WEAK = YES;
				CLANG_WARN_BLOCK_CAPTURE_AUTORELEASING = YES;
				CLANG_WARN_BOOL_CONVERSION = YES;
				CLANG_WARN_COMMA = YES;
				CLANG_WARN_CONSTANT_CONVERSION = YES;
				CLANG_WARN_DEPRECATED_OBJC_IMPLEMENTATIONS = YES;
				CLANG_WARN_DIRECT_OBJC_ISA_USAGE = YES_ERROR;
				CLANG_WARN_DOCUMENTATION_COMMENTS = YES;
				CLANG_WARN_EMPTY_BODY = YES;
				CLANG_WARN_ENUM_CONVERSION = YES;
				CLANG_WARN_INFINITE_RECURSION = YES;
				CLANG_WARN_INT_CONVERSION = YES;
				CLANG_WARN_NON_LITERAL_NULL_CONVERSION = YES;
				CLANG_WARN_OBJC_IMPLICIT_RETAIN_SELF = YES;
				CLANG_WARN_OBJC_LITERAL_CONVERSION = YES;
				CLANG_WARN_OBJC_ROOT_CLASS = YES_ERROR;
				CLANG_WARN_RANGE_LOOP_ANALYSIS = YES;
				CLANG_WARN_STRICT_PROTOTYPES = YES;
				CLANG_WARN_SUSPICIOUS_MOVE = YES;
				CLANG_WARN_UNGUARDED_AVAILABILITY = YES_AGGRESSIVE;
				CLANG_WARN_UNREACHABLE_CODE = YES;
				CLANG_WARN__DUPLICATE_METHOD_MATCH = YES;
				COPY_PHASE_STRIP = NO;
				DEBUG_INFORMATION_FORMAT = dwarf;
				ENABLE_STRICT_OBJC_MSGSEND = YES;
				ENABLE_TESTABILITY = YES;
				GCC_C_LANGUAGE_STANDARD = gnu11;
				GCC_DYNAMIC_NO_PIC = NO;
				GCC_NO_COMMON_BLOCKS = YES;
				GCC_OPTIMIZATION_LEVEL = 0;
				GCC_PREPROCESSOR_DEFINITIONS = (
					"DEBUG=1",
					"$(inherited)",
				);
				GCC_WARN_64_TO_32_BIT_CONVERSION = YES;
				GCC_WARN_ABOUT_RETURN_TYPE = YES_ERROR;
				GCC_WARN_UNDECLARED_SELECTOR = YES;
				GCC_WARN_UNINITIALIZED_AUTOS = YES_AGGRESSIVE;
				GCC_WARN_UNUSED_FUNCTION = YES;
				GCC_WARN_UNUSED_VARIABLE = YES;
				IPHONEOS_DEPLOYMENT_TARGET = 13.2;
				MTL_ENABLE_DEBUG_INFO = INCLUDE_SOURCE;
				MTL_FAST_MATH = YES;
				ONLY_ACTIVE_ARCH = YES;
				SDKROOT = iphoneos;
				SWIFT_ACTIVE_COMPILATION_CONDITIONS = DEBUG;
				SWIFT_OPTIMIZATION_LEVEL = "-Onone";
			};
			name = Debug;
		};
		3FF956C928A437DB002ABF70 /* Release */ = {
			isa = XCBuildConfiguration;
			buildSettings = {
				ALWAYS_SEARCH_USER_PATHS = NO;
				CLANG_ANALYZER_NONNULL = YES;
				CLANG_ANALYZER_NUMBER_OBJECT_CONVERSION = YES_AGGRESSIVE;
				CLANG_CXX_LANGUAGE_STANDARD = "gnu++14";
				CLANG_CXX_LIBRARY = "libc++";
				CLANG_ENABLE_MODULES = YES;
				CLANG_ENABLE_OBJC_ARC = YES;
				CLANG_ENABLE_OBJC_WEAK = YES;
				CLANG_WARN_BLOCK_CAPTURE_AUTORELEASING = YES;
				CLANG_WARN_BOOL_CONVERSION = YES;
				CLANG_WARN_COMMA = YES;
				CLANG_WARN_CONSTANT_CONVERSION = YES;
				CLANG_WARN_DEPRECATED_OBJC_IMPLEMENTATIONS = YES;
				CLANG_WARN_DIRECT_OBJC_ISA_USAGE = YES_ERROR;
				CLANG_WARN_DOCUMENTATION_COMMENTS = YES;
				CLANG_WARN_EMPTY_BODY = YES;
				CLANG_WARN_ENUM_CONVERSION = YES;
				CLANG_WARN_INFINITE_RECURSION = YES;
				CLANG_WARN_INT_CONVERSION = YES;
				CLANG_WARN_NON_LITERAL_NULL_CONVERSION = YES;
				CLANG_WARN_OBJC_IMPLICIT_RETAIN_SELF = YES;
				CLANG_WARN_OBJC_LITERAL_CONVERSION = YES;
				CLANG_WARN_OBJC_ROOT_CLASS = YES_ERROR;
				CLANG_WARN_RANGE_LOOP_ANALYSIS = YES;
				CLANG_WARN_STRICT_PROTOTYPES = YES;
				CLANG_WARN_SUSPICIOUS_MOVE = YES;
				CLANG_WARN_UNGUARDED_AVAILABILITY = YES_AGGRESSIVE;
				CLANG_WARN_UNREACHABLE_CODE = YES;
				CLANG_WARN__DUPLICATE_METHOD_MATCH = YES;
				COPY_PHASE_STRIP = NO;
				DEBUG_INFORMATION_FORMAT = "dwarf-with-dsym";
				ENABLE_NS_ASSERTIONS = NO;
				ENABLE_STRICT_OBJC_MSGSEND = YES;
				GCC_C_LANGUAGE_STANDARD = gnu11;
				GCC_NO_COMMON_BLOCKS = YES;
				GCC_WARN_64_TO_32_BIT_CONVERSION = YES;
				GCC_WARN_ABOUT_RETURN_TYPE = YES_ERROR;
				GCC_WARN_UNDECLARED_SELECTOR = YES;
				GCC_WARN_UNINITIALIZED_AUTOS = YES_AGGRESSIVE;
				GCC_WARN_UNUSED_FUNCTION = YES;
				GCC_WARN_UNUSED_VARIABLE = YES;
				IPHONEOS_DEPLOYMENT_TARGET = 13.2;
				MTL_ENABLE_DEBUG_INFO = NO;
				MTL_FAST_MATH = YES;
				SDKROOT = iphoneos;
				SWIFT_COMPILATION_MODE = wholemodule;
				SWIFT_OPTIMIZATION_LEVEL = "-O";
				VALIDATE_PRODUCT = YES;
			};
			name = Release;
		};
		3FF956CB28A437DB002ABF70 /* Debug */ = {
			isa = XCBuildConfiguration;
			buildSettings = {
				ASSETCATALOG_COMPILER_APPICON_NAME = AppIcon;
				CODE_SIGN_STYLE = Automatic;
				INFOPLIST_FILE = AulaMapKitCEFETarde/Info.plist;
				LD_RUNPATH_SEARCH_PATHS = (
					"$(inherited)",
					"@executable_path/Frameworks",
				);
				PRODUCT_BUNDLE_IDENTIFIER = teste.AulaMapKitCEFETarde;
				PRODUCT_NAME = "$(TARGET_NAME)";
				SWIFT_VERSION = 5.0;
				TARGETED_DEVICE_FAMILY = "1,2";
			};
			name = Debug;
		};
		3FF956CC28A437DB002ABF70 /* Release */ = {
			isa = XCBuildConfiguration;
			buildSettings = {
				ASSETCATALOG_COMPILER_APPICON_NAME = AppIcon;
				CODE_SIGN_STYLE = Automatic;
				INFOPLIST_FILE = AulaMapKitCEFETarde/Info.plist;
				LD_RUNPATH_SEARCH_PATHS = (
					"$(inherited)",
					"@executable_path/Frameworks",
				);
				PRODUCT_BUNDLE_IDENTIFIER = teste.AulaMapKitCEFETarde;
				PRODUCT_NAME = "$(TARGET_NAME)";
				SWIFT_VERSION = 5.0;
				TARGETED_DEVICE_FAMILY = "1,2";
			};
			name = Release;
		};
/* End XCBuildConfiguration section */

/* Begin XCConfigurationList section */
		3FF956B128A437DA002ABF70 /* Build configuration list for PBXProject "AulaMapKitCEFETarde" */ = {
			isa = XCConfigurationList;
			buildConfigurations = (
				3FF956C828A437DB002ABF70 /* Debug */,
				3FF956C928A437DB002ABF70 /* Release */,
			);
			defaultConfigurationIsVisible = 0;
			defaultConfigurationName = Release;
		};
		3FF956CA28A437DB002ABF70 /* Build configuration list for PBXNativeTarget "AulaMapKitCEFETarde" */ = {
			isa = XCConfigurationList;
			buildConfigurations = (
				3FF956CB28A437DB002ABF70 /* Debug */,
				3FF956CC28A437DB002ABF70 /* Release */,
			);
			defaultConfigurationIsVisible = 0;
			defaultConfigurationName = Release;
		};
/* End XCConfigurationList section */
	};
	rootObject = 3FF956AE28A437DA002ABF70 /* Project object */;
}
