// !$*UTF8*$!
{
	archiveVersion = 1;
	classes = {
	};
	objectVersion = 50;
	objects = {

/* Begin PBXBuildFile section */
		3FBB4FB728A179E000588728 /* AppDelegate.swift in Sources */ = {isa = PBXBuildFile; fileRef = 3FBB4FB628A179E000588728 /* AppDelegate.swift */; };
		3FBB4FB928A179E000588728 /* SceneDelegate.swift in Sources */ = {isa = PBXBuildFile; fileRef = 3FBB4FB828A179E000588728 /* SceneDelegate.swift */; };
		3FBB4FBB28A179E000588728 /* ViewController.swift in Sources */ = {isa = PBXBuildFile; fileRef = 3FBB4FBA28A179E000588728 /* ViewController.swift */; };
		3FBB4FBE28A179E000588728 /* Main.storyboard in Resources */ = {isa = PBXBuildFile; fileRef = 3FBB4FBC28A179E000588728 /* Main.storyboard */; };
		3FBB4FC028A179E000588728 /* Assets.xcassets in Resources */ = {isa = PBXBuildFile; fileRef = 3FBB4FBF28A179E000588728 /* Assets.xcassets */; };
		3FBB4FC328A179E000588728 /* LaunchScreen.storyboard in Resources */ = {isa = PBXBuildFile; fileRef = 3FBB4FC128A179E000588728 /* LaunchScreen.storyboard */; };
		3FBB4FCB28A17FF300588728 /* TelaDestinoViewController.swift in Sources */ = {isa = PBXBuildFile; fileRef = 3FBB4FCA28A17FF300588728 /* TelaDestinoViewController.swift */; };
		3FBB4FCD28A1803100588728 /* TelaOrigemViewController.swift in Sources */ = {isa = PBXBuildFile; fileRef = 3FBB4FCC28A1803100588728 /* TelaOrigemViewController.swift */; };
		3FBB4FCF28A1891C00588728 /* NovaTelaDestinoViewController.swift in Sources */ = {isa = PBXBuildFile; fileRef = 3FBB4FCE28A1891C00588728 /* NovaTelaDestinoViewController.swift */; };
/* End PBXBuildFile section */

/* Begin PBXFileReference section */
		3FBB4FB328A179E000588728 /* AulaStoryBoardCEFETTarde.app */ = {isa = PBXFileReference; explicitFileType = wrapper.application; includeInIndex = 0; path = AulaStoryBoardCEFETTarde.app; sourceTree = BUILT_PRODUCTS_DIR; };
		3FBB4FB628A179E000588728 /* AppDelegate.swift */ = {isa = PBXFileReference; lastKnownFileType = sourcecode.swift; path = AppDelegate.swift; sourceTree = "<group>"; };
		3FBB4FB828A179E000588728 /* SceneDelegate.swift */ = {isa = PBXFileReference; lastKnownFileType = sourcecode.swift; path = SceneDelegate.swift; sourceTree = "<group>"; };
		3FBB4FBA28A179E000588728 /* ViewController.swift */ = {isa = PBXFileReference; lastKnownFileType = sourcecode.swift; path = ViewController.swift; sourceTree = "<group>"; };
		3FBB4FBD28A179E000588728 /* Base */ = {isa = PBXFileReference; lastKnownFileType = file.storyboard; name = Base; path = Base.lproj/Main.storyboard; sourceTree = "<group>"; };
		3FBB4FBF28A179E000588728 /* Assets.xcassets */ = {isa = PBXFileReference; lastKnownFileType = folder.assetcatalog; path = Assets.xcassets; sourceTree = "<group>"; };
		3FBB4FC228A179E000588728 /* Base */ = {isa = PBXFileReference; lastKnownFileType = file.storyboard; name = Base; path = Base.lproj/LaunchScreen.storyboard; sourceTree = "<group>"; };
		3FBB4FC428A179E000588728 /* Info.plist */ = {isa = PBXFileReference; lastKnownFileType = text.plist.xml; path = Info.plist; sourceTree = "<group>"; };
		3FBB4FCA28A17FF300588728 /* TelaDestinoViewController.swift */ = {isa = PBXFileReference; lastKnownFileType = sourcecode.swift; path = TelaDestinoViewController.swift; sourceTree = "<group>"; };
		3FBB4FCC28A1803100588728 /* TelaOrigemViewController.swift */ = {isa = PBXFileReference; lastKnownFileType = sourcecode.swift; path = TelaOrigemViewController.swift; sourceTree = "<group>"; };
		3FBB4FCE28A1891C00588728 /* NovaTelaDestinoViewController.swift */ = {isa = PBXFileReference; lastKnownFileType = sourcecode.swift; path = NovaTelaDestinoViewController.swift; sourceTree = "<group>"; };
/* End PBXFileReference section */

/* Begin PBXFrameworksBuildPhase section */
		3FBB4FB028A179E000588728 /* Frameworks */ = {
			isa = PBXFrameworksBuildPhase;
			buildActionMask = 2147483647;
			files = (
			);
			runOnlyForDeploymentPostprocessing = 0;
		};
/* End PBXFrameworksBuildPhase section */

/* Begin PBXGroup section */
		3FBB4FAA28A179E000588728 = {
			isa = PBXGroup;
			children = (
				3FBB4FB528A179E000588728 /* AulaStoryBoardCEFETTarde */,
				3FBB4FB428A179E000588728 /* Products */,
			);
			sourceTree = "<group>";
		};
		3FBB4FB428A179E000588728 /* Products */ = {
			isa = PBXGroup;
			children = (
				3FBB4FB328A179E000588728 /* AulaStoryBoardCEFETTarde.app */,
			);
			name = Products;
			sourceTree = "<group>";
		};
		3FBB4FB528A179E000588728 /* AulaStoryBoardCEFETTarde */ = {
			isa = PBXGroup;
			children = (
				3FBB4FB628A179E000588728 /* AppDelegate.swift */,
				3FBB4FB828A179E000588728 /* SceneDelegate.swift */,
				3FBB4FBA28A179E000588728 /* ViewController.swift */,
				3FBB4FBC28A179E000588728 /* Main.storyboard */,
				3FBB4FCE28A1891C00588728 /* NovaTelaDestinoViewController.swift */,
				3FBB4FCA28A17FF300588728 /* TelaDestinoViewController.swift */,
				3FBB4FCC28A1803100588728 /* TelaOrigemViewController.swift */,
				3FBB4FBF28A179E000588728 /* Assets.xcassets */,
				3FBB4FC128A179E000588728 /* LaunchScreen.storyboard */,
				3FBB4FC428A179E000588728 /* Info.plist */,
			);
			path = AulaStoryBoardCEFETTarde;
			sourceTree = "<group>";
		};
/* End PBXGroup section */

/* Begin PBXNativeTarget section */
		3FBB4FB228A179E000588728 /* AulaStoryBoardCEFETTarde */ = {
			isa = PBXNativeTarget;
			buildConfigurationList = 3FBB4FC728A179E000588728 /* Build configuration list for PBXNativeTarget "AulaStoryBoardCEFETTarde" */;
			buildPhases = (
				3FBB4FAF28A179E000588728 /* Sources */,
				3FBB4FB028A179E000588728 /* Frameworks */,
				3FBB4FB128A179E000588728 /* Resources */,
			);
			buildRules = (
			);
			dependencies = (
			);
			name = AulaStoryBoardCEFETTarde;
			productName = AulaStoryBoardCEFETTarde;
			productReference = 3FBB4FB328A179E000588728 /* AulaStoryBoardCEFETTarde.app */;
			productType = "com.apple.product-type.application";
		};
/* End PBXNativeTarget section */

/* Begin PBXProject section */
		3FBB4FAB28A179E000588728 /* Project object */ = {
			isa = PBXProject;
			attributes = {
				LastSwiftUpdateCheck = 1130;
				LastUpgradeCheck = 1130;
				ORGANIZATIONNAME = Student;
				TargetAttributes = {
					3FBB4FB228A179E000588728 = {
						CreatedOnToolsVersion = 11.3;
					};
				};
			};
			buildConfigurationList = 3FBB4FAE28A179E000588728 /* Build configuration list for PBXProject "AulaStoryBoardCEFETTarde" */;
			compatibilityVersion = "Xcode 9.3";
			developmentRegion = en;
			hasScannedForEncodings = 0;
			knownRegions = (
				en,
				Base,
			);
			mainGroup = 3FBB4FAA28A179E000588728;
			productRefGroup = 3FBB4FB428A179E000588728 /* Products */;
			projectDirPath = "";
			projectRoot = "";
			targets = (
				3FBB4FB228A179E000588728 /* AulaStoryBoardCEFETTarde */,
			);
		};
/* End PBXProject section */

/* Begin PBXResourcesBuildPhase section */
		3FBB4FB128A179E000588728 /* Resources */ = {
			isa = PBXResourcesBuildPhase;
			buildActionMask = 2147483647;
			files = (
				3FBB4FC328A179E000588728 /* LaunchScreen.storyboard in Resources */,
				3FBB4FC028A179E000588728 /* Assets.xcassets in Resources */,
				3FBB4FBE28A179E000588728 /* Main.storyboard in Resources */,
			);
			runOnlyForDeploymentPostprocessing = 0;
		};
/* End PBXResourcesBuildPhase section */

/* Begin PBXSourcesBuildPhase section */
		3FBB4FAF28A179E000588728 /* Sources */ = {
			isa = PBXSourcesBuildPhase;
			buildActionMask = 2147483647;
			files = (
				3FBB4FBB28A179E000588728 /* ViewController.swift in Sources */,
				3FBB4FCB28A17FF300588728 /* TelaDestinoViewController.swift in Sources */,
				3FBB4FB728A179E000588728 /* AppDelegate.swift in Sources */,
				3FBB4FCF28A1891C00588728 /* NovaTelaDestinoViewController.swift in Sources */,
				3FBB4FCD28A1803100588728 /* TelaOrigemViewController.swift in Sources */,
				3FBB4FB928A179E000588728 /* SceneDelegate.swift in Sources */,
			);
			runOnlyForDeploymentPostprocessing = 0;
		};
/* End PBXSourcesBuildPhase section */

/* Begin PBXVariantGroup section */
		3FBB4FBC28A179E000588728 /* Main.storyboard */ = {
			isa = PBXVariantGroup;
			children = (
				3FBB4FBD28A179E000588728 /* Base */,
			);
			name = Main.storyboard;
			sourceTree = "<group>";
		};
		3FBB4FC128A179E000588728 /* LaunchScreen.storyboard */ = {
			isa = PBXVariantGroup;
			children = (
				3FBB4FC228A179E000588728 /* Base */,
			);
			name = LaunchScreen.storyboard;
			sourceTree = "<group>";
		};
/* End PBXVariantGroup section */

/* Begin XCBuildConfiguration section */
		3FBB4FC528A179E000588728 /* Debug */ = {
			isa = XCBuildConfiguration;
			buildSettings = {
				ALWAYS_SEARCH_USER_PATHS = NO;
				CLANG_ANALYZER_NONNULL = YES;
				CLANG_ANALYZER_NUMBER_OBJECT_CONVERSION = YES_AGGRESSIVE;
				CLANG_CXX_LANGUAGE_STANDARD = "gnu++14";
				CLANG_CXX_LIBRARY = "libc++";
				CLANG_ENABLE_MODULES = YES;
				CLANG_ENABLE_OBJC_ARC = YES;
				CLANG_ENABLE_OBJC_WEAK = YES;
				CLANG_WARN_BLOCK_CAPTURE_AUTORELEASING = YES;
				CLANG_WARN_BOOL_CONVERSION = YES;
				CLANG_WARN_COMMA = YES;
				CLANG_WARN_CONSTANT_CONVERSION = YES;
				CLANG_WARN_DEPRECATED_OBJC_IMPLEMENTATIONS = YES;
				CLANG_WARN_DIRECT_OBJC_ISA_USAGE = YES_ERROR;
				CLANG_WARN_DOCUMENTATION_COMMENTS = YES;
				CLANG_WARN_EMPTY_BODY = YES;
				CLANG_WARN_ENUM_CONVERSION = YES;
				CLANG_WARN_INFINITE_RECURSION = YES;
				CLANG_WARN_INT_CONVERSION = YES;
				CLANG_WARN_NON_LITERAL_NULL_CONVERSION = YES;
				CLANG_WARN_OBJC_IMPLICIT_RETAIN_SELF = YES;
				CLANG_WARN_OBJC_LITERAL_CONVERSION = YES;
				CLANG_WARN_OBJC_ROOT_CLASS = YES_ERROR;
				CLANG_WARN_RANGE_LOOP_ANALYSIS = YES;
				CLANG_WARN_STRICT_PROTOTYPES = YES;
				CLANG_WARN_SUSPICIOUS_MOVE = YES;
				CLANG_WARN_UNGUARDED_AVAILABILITY = YES_AGGRESSIVE;
				CLANG_WARN_UNREACHABLE_CODE = YES;
				CLANG_WARN__DUPLICATE_METHOD_MATCH = YES;
				COPY_PHASE_STRIP = NO;
				DEBUG_INFORMATION_FORMAT = dwarf;
				ENABLE_STRICT_OBJC_MSGSEND = YES;
				ENABLE_TESTABILITY = YES;
				GCC_C_LANGUAGE_STANDARD = gnu11;
				GCC_DYNAMIC_NO_PIC = NO;
				GCC_NO_COMMON_BLOCKS = YES;
				GCC_OPTIMIZATION_LEVEL = 0;
				GCC_PREPROCESSOR_DEFINITIONS = (
					"DEBUG=1",
					"$(inherited)",
				);
				GCC_WARN_64_TO_32_BIT_CONVERSION = YES;
				GCC_WARN_ABOUT_RETURN_TYPE = YES_ERROR;
				GCC_WARN_UNDECLARED_SELECTOR = YES;
				GCC_WARN_UNINITIALIZED_AUTOS = YES_AGGRESSIVE;
				GCC_WARN_UNUSED_FUNCTION = YES;
				GCC_WARN_UNUSED_VARIABLE = YES;
				IPHONEOS_DEPLOYMENT_TARGET = 13.2;
				MTL_ENABLE_DEBUG_INFO = INCLUDE_SOURCE;
				MTL_FAST_MATH = YES;
				ONLY_ACTIVE_ARCH = YES;
				SDKROOT = iphoneos;
				SWIFT_ACTIVE_COMPILATION_CONDITIONS = DEBUG;
				SWIFT_OPTIMIZATION_LEVEL = "-Onone";
			};
			name = Debug;
		};
		3FBB4FC628A179E000588728 /* Release */ = {
			isa = XCBuildConfiguration;
			buildSettings = {
				ALWAYS_SEARCH_USER_PATHS = NO;
				CLANG_ANALYZER_NONNULL = YES;
				CLANG_ANALYZER_NUMBER_OBJECT_CONVERSION = YES_AGGRESSIVE;
				CLANG_CXX_LANGUAGE_STANDARD = "gnu++14";
				CLANG_CXX_LIBRARY = "libc++";
				CLANG_ENABLE_MODULES = YES;
				CLANG_ENABLE_OBJC_ARC = YES;
				CLANG_ENABLE_OBJC_WEAK = YES;
				CLANG_WARN_BLOCK_CAPTURE_AUTORELEASING = YES;
				CLANG_WARN_BOOL_CONVERSION = YES;
				CLANG_WARN_COMMA = YES;
				CLANG_WARN_CONSTANT_CONVERSION = YES;
				CLANG_WARN_DEPRECATED_OBJC_IMPLEMENTATIONS = YES;
				CLANG_WARN_DIRECT_OBJC_ISA_USAGE = YES_ERROR;
				CLANG_WARN_DOCUMENTATION_COMMENTS = YES;
				CLANG_WARN_EMPTY_BODY = YES;
				CLANG_WARN_ENUM_CONVERSION = YES;
				CLANG_WARN_INFINITE_RECURSION = YES;
				CLANG_WARN_INT_CONVERSION = YES;
				CLANG_WARN_NON_LITERAL_NULL_CONVERSION = YES;
				CLANG_WARN_OBJC_IMPLICIT_RETAIN_SELF = YES;
				CLANG_WARN_OBJC_LITERAL_CONVERSION = YES;
				CLANG_WARN_OBJC_ROOT_CLASS = YES_ERROR;
				CLANG_WARN_RANGE_LOOP_ANALYSIS = YES;
				CLANG_WARN_STRICT_PROTOTYPES = YES;
				CLANG_WARN_SUSPICIOUS_MOVE = YES;
				CLANG_WARN_UNGUARDED_AVAILABILITY = YES_AGGRESSIVE;
				CLANG_WARN_UNREACHABLE_CODE = YES;
				CLANG_WARN__DUPLICATE_METHOD_MATCH = YES;
				COPY_PHASE_STRIP = NO;
				DEBUG_INFORMATION_FORMAT = "dwarf-with-dsym";
				ENABLE_NS_ASSERTIONS = NO;
				ENABLE_STRICT_OBJC_MSGSEND = YES;
				GCC_C_LANGUAGE_STANDARD = gnu11;
				GCC_NO_COMMON_BLOCKS = YES;
				GCC_WARN_64_TO_32_BIT_CONVERSION = YES;
				GCC_WARN_ABOUT_RETURN_TYPE = YES_ERROR;
				GCC_WARN_UNDECLARED_SELECTOR = YES;
				GCC_WARN_UNINITIALIZED_AUTOS = YES_AGGRESSIVE;
				GCC_WARN_UNUSED_FUNCTION = YES;
				GCC_WARN_UNUSED_VARIABLE = YES;
				IPHONEOS_DEPLOYMENT_TARGET = 13.2;
				MTL_ENABLE_DEBUG_INFO = NO;
				MTL_FAST_MATH = YES;
				SDKROOT = iphoneos;
				SWIFT_COMPILATION_MODE = wholemodule;
				SWIFT_OPTIMIZATION_LEVEL = "-O";
				VALIDATE_PRODUCT = YES;
			};
			name = Release;
		};
		3FBB4FC828A179E000588728 /* Debug */ = {
			isa = XCBuildConfiguration;
			buildSettings = {
				ASSETCATALOG_COMPILER_APPICON_NAME = AppIcon;
				CODE_SIGN_STYLE = Automatic;
				INFOPLIST_FILE = AulaStoryBoardCEFETTarde/Info.plist;
				LD_RUNPATH_SEARCH_PATHS = (
					"$(inherited)",
					"@executable_path/Frameworks",
				);
				PRODUCT_BUNDLE_IDENTIFIER = teste.AulaStoryBoardCEFETTarde;
				PRODUCT_NAME = "$(TARGET_NAME)";
				SWIFT_VERSION = 5.0;
				TARGETED_DEVICE_FAMILY = "1,2";
			};
			name = Debug;
		};
		3FBB4FC928A179E000588728 /* Release */ = {
			isa = XCBuildConfiguration;
			buildSettings = {
				ASSETCATALOG_COMPILER_APPICON_NAME = AppIcon;
				CODE_SIGN_STYLE = Automatic;
				INFOPLIST_FILE = AulaStoryBoardCEFETTarde/Info.plist;
				LD_RUNPATH_SEARCH_PATHS = (
					"$(inherited)",
					"@executable_path/Frameworks",
				);
				PRODUCT_BUNDLE_IDENTIFIER = teste.AulaStoryBoardCEFETTarde;
				PRODUCT_NAME = "$(TARGET_NAME)";
				SWIFT_VERSION = 5.0;
				TARGETED_DEVICE_FAMILY = "1,2";
			};
			name = Release;
		};
/* End XCBuildConfiguration section */

/* Begin XCConfigurationList section */
		3FBB4FAE28A179E000588728 /* Build configuration list for PBXProject "AulaStoryBoardCEFETTarde" */ = {
			isa = XCConfigurationList;
			buildConfigurations = (
				3FBB4FC528A179E000588728 /* Debug */,
				3FBB4FC628A179E000588728 /* Release */,
			);
			defaultConfigurationIsVisible = 0;
			defaultConfigurationName = Release;
		};
		3FBB4FC728A179E000588728 /* Build configuration list for PBXNativeTarget "AulaStoryBoardCEFETTarde" */ = {
			isa = XCConfigurationList;
			buildConfigurations = (
				3FBB4FC828A179E000588728 /* Debug */,
				3FBB4FC928A179E000588728 /* Release */,
			);
			defaultConfigurationIsVisible = 0;
			defaultConfigurationName = Release;
		};
/* End XCConfigurationList section */
	};
	rootObject = 3FBB4FAB28A179E000588728 /* Project object */;
}
